
Microsoft Visual Studio Solution File, Format Version 12.00
# Visual Studio Version 17
VisualStudioVersion = 17.14.36518.9 d17.14
MinimumVisualStudioVersion = 10.0.40219.1
Project("{FAE04EC0-301F-11D3-BF4B-00C04F79EFBC}") = "TatsumiT_Project4", "TatsumiT_Project4.csproj", "{49C06A63-C229-4800-B03C-B2B981CC7C6E}"
EndProject
Global
	GlobalSection(SolutionConfigurationPlatforms) = preSolution
		Debug|Any CPU = Debug|Any CPU
		Release|Any CPU = Release|Any CPU
	EndGlobalSection
	GlobalSection(ProjectConfigurationPlatforms) = postSolution
		{49C06A63-C229-4800-B03C-B2B981CC7C6E}.Debug|Any CPU.ActiveCfg = Debug|Any CPU
		{49C06A63-C229-4800-B03C-B2B981CC7C6E}.Debug|Any CPU.Build.0 = Debug|Any CPU
		{49C06A63-C229-4800-B03C-B2B981CC7C6E}.Release|Any CPU.ActiveCfg = Release|Any CPU
		{49C06A63-C229-4800-B03C-B2B981CC7C6E}.Release|Any CPU.Build.0 = Release|Any CPU
	EndGlobalSection
	GlobalSection(SolutionProperties) = preSolution
		HideSolutionNode = FALSE
	EndGlobalSection
	GlobalSection(ExtensibilityGlobals) = postSolution
		SolutionGuid = {A1BA68D8-C0E9-4C8F-895B-0B2533D37C2A}
	EndGlobalSection
EndGlobal
